// !$*UTF8*$!
{
	archiveVersion = 1;
	classes = {
	};
	objectVersion = 50;
	objects = {

/* Begin PBXBuildFile section */
		381D54DB237DC8BD00313327 /* GiftDetailViewController.swift in Sources */ = {isa = PBXBuildFile; fileRef = 381D54DA237DC8BD00313327 /* GiftDetailViewController.swift */; };
		3829AA7323767B8000C34538 /* AppDelegate.swift in Sources */ = {isa = PBXBuildFile; fileRef = 3829AA7223767B8000C34538 /* AppDelegate.swift */; };
		3829AA7523767B8000C34538 /* SceneDelegate.swift in Sources */ = {isa = PBXBuildFile; fileRef = 3829AA7423767B8000C34538 /* SceneDelegate.swift */; };
		3829AA7A23767B8000C34538 /* Main.storyboard in Resources */ = {isa = PBXBuildFile; fileRef = 3829AA7823767B8000C34538 /* Main.storyboard */; };
		3829AA7C23767B8100C34538 /* Assets.xcassets in Resources */ = {isa = PBXBuildFile; fileRef = 3829AA7B23767B8100C34538 /* Assets.xcassets */; };
		3829AA7F23767B8100C34538 /* LaunchScreen.storyboard in Resources */ = {isa = PBXBuildFile; fileRef = 3829AA7D23767B8100C34538 /* LaunchScreen.storyboard */; };
		38C7377623774593005F1F1C /* Gift.swift in Sources */ = {isa = PBXBuildFile; fileRef = 38C7377523774593005F1F1C /* Gift.swift */; };
		38C7377823774AFE005F1F1C /* WishListTableViewController.swift in Sources */ = {isa = PBXBuildFile; fileRef = 38C7377723774AFE005F1F1C /* WishListTableViewController.swift */; };
		38C7377A23774B2B005F1F1C /* AddGiftViewController.swift in Sources */ = {isa = PBXBuildFile; fileRef = 38C7377923774B2B005F1F1C /* AddGiftViewController.swift */; };
		38C737A4237B5804005F1F1C /* SantasWorkshop.swift in Sources */ = {isa = PBXBuildFile; fileRef = 38C737A3237B5803005F1F1C /* SantasWorkshop.swift */; };
/* End PBXBuildFile section */

/* Begin PBXFileReference section */
		381D54DA237DC8BD00313327 /* GiftDetailViewController.swift */ = {isa = PBXFileReference; lastKnownFileType = sourcecode.swift; path = GiftDetailViewController.swift; sourceTree = "<group>"; };
		3829AA6F23767B8000C34538 /* ChristmasListAHProject.app */ = {isa = PBXFileReference; explicitFileType = wrapper.application; includeInIndex = 0; path = ChristmasListAHProject.app; sourceTree = BUILT_PRODUCTS_DIR; };
		3829AA7223767B8000C34538 /* AppDelegate.swift */ = {isa = PBXFileReference; lastKnownFileType = sourcecode.swift; path = AppDelegate.swift; sourceTree = "<group>"; };
		3829AA7423767B8000C34538 /* SceneDelegate.swift */ = {isa = PBXFileReference; lastKnownFileType = sourcecode.swift; path = SceneDelegate.swift; sourceTree = "<group>"; };
		3829AA7923767B8000C34538 /* Base */ = {isa = PBXFileReference; lastKnownFileType = file.storyboard; name = Base; path = Base.lproj/Main.storyboard; sourceTree = "<group>"; };
		3829AA7B23767B8100C34538 /* Assets.xcassets */ = {isa = PBXFileReference; lastKnownFileType = folder.assetcatalog; path = Assets.xcassets; sourceTree = "<group>"; };
		3829AA7E23767B8100C34538 /* Base */ = {isa = PBXFileReference; lastKnownFileType = file.storyboard; name = Base; path = Base.lproj/LaunchScreen.storyboard; sourceTree = "<group>"; };
		3829AA8023767B8100C34538 /* Info.plist */ = {isa = PBXFileReference; lastKnownFileType = text.plist.xml; path = Info.plist; sourceTree = "<group>"; };
		38C7377523774593005F1F1C /* Gift.swift */ = {isa = PBXFileReference; lastKnownFileType = sourcecode.swift; path = Gift.swift; sourceTree = "<group>"; };
		38C7377723774AFE005F1F1C /* WishListTableViewController.swift */ = {isa = PBXFileReference; lastKnownFileType = sourcecode.swift; path = WishListTableViewController.swift; sourceTree = "<group>"; };
		38C7377923774B2B005F1F1C /* AddGiftViewController.swift */ = {isa = PBXFileReference; lastKnownFileType = sourcecode.swift; path = AddGiftViewController.swift; sourceTree = "<group>"; };
		38C737A3237B5803005F1F1C /* SantasWorkshop.swift */ = {isa = PBXFileReference; lastKnownFileType = sourcecode.swift; path = SantasWorkshop.swift; sourceTree = "<group>"; };
/* End PBXFileReference section */

/* Begin PBXFrameworksBuildPhase section */
		3829AA6C23767B8000C34538 /* Frameworks */ = {
			isa = PBXFrameworksBuildPhase;
			buildActionMask = 2147483647;
			files = (
			);
			runOnlyForDeploymentPostprocessing = 0;
		};
/* End PBXFrameworksBuildPhase section */

/* Begin PBXGroup section */
		381D54DC237DC9B200313327 /* View Controllers */ = {
			isa = PBXGroup;
			children = (
				38C7377723774AFE005F1F1C /* WishListTableViewController.swift */,
				38C7377923774B2B005F1F1C /* AddGiftViewController.swift */,
				381D54DA237DC8BD00313327 /* GiftDetailViewController.swift */,
			);
			path = "View Controllers";
			sourceTree = "<group>";
		};
		381D54DD237DC9C800313327 /* Storyboards */ = {
			isa = PBXGroup;
			children = (
				3829AA7823767B8000C34538 /* Main.storyboard */,
				3829AA7D23767B8100C34538 /* LaunchScreen.storyboard */,
			);
			path = Storyboards;
			sourceTree = "<group>";
		};
		381D54DE237DC9DC00313327 /* Model */ = {
			isa = PBXGroup;
			children = (
				38C7377523774593005F1F1C /* Gift.swift */,
				38C737A3237B5803005F1F1C /* SantasWorkshop.swift */,
			);
			path = Model;
			sourceTree = "<group>";
		};
		3829AA6623767B8000C34538 = {
			isa = PBXGroup;
			children = (
				3829AA7123767B8000C34538 /* ChristmasListAHProject */,
				3829AA7023767B8000C34538 /* Products */,
			);
			sourceTree = "<group>";
		};
		3829AA7023767B8000C34538 /* Products */ = {
			isa = PBXGroup;
			children = (
				3829AA6F23767B8000C34538 /* ChristmasListAHProject.app */,
			);
			name = Products;
			sourceTree = "<group>";
		};
		3829AA7123767B8000C34538 /* ChristmasListAHProject */ = {
			isa = PBXGroup;
			children = (
				381D54DE237DC9DC00313327 /* Model */,
				381D54DC237DC9B200313327 /* View Controllers */,
				381D54DD237DC9C800313327 /* Storyboards */,
				3829AA8623767C0600C34538 /* Resources */,
			);
			path = ChristmasListAHProject;
			sourceTree = "<group>";
		};
		3829AA8623767C0600C34538 /* Resources */ = {
			isa = PBXGroup;
			children = (
				3829AA7223767B8000C34538 /* AppDelegate.swift */,
				3829AA7423767B8000C34538 /* SceneDelegate.swift */,
				3829AA7B23767B8100C34538 /* Assets.xcassets */,
				3829AA8023767B8100C34538 /* Info.plist */,
			);
			path = Resources;
			sourceTree = "<group>";
		};
/* End PBXGroup section */

/* Begin PBXNativeTarget section */
		3829AA6E23767B8000C34538 /* ChristmasListAHProject */ = {
			isa = PBXNativeTarget;
			buildConfigurationList = 3829AA8323767B8100C34538 /* Build configuration list for PBXNativeTarget "ChristmasListAHProject" */;
			buildPhases = (
				3829AA6B23767B8000C34538 /* Sources */,
				3829AA6C23767B8000C34538 /* Frameworks */,
				3829AA6D23767B8000C34538 /* Resources */,
			);
			buildRules = (
			);
			dependencies = (
			);
			name = ChristmasListAHProject;
			productName = ChristmasListAHProject;
			productReference = 3829AA6F23767B8000C34538 /* ChristmasListAHProject.app */;
			productType = "com.apple.product-type.application";
		};
/* End PBXNativeTarget section */

/* Begin PBXProject section */
		3829AA6723767B8000C34538 /* Project object */ = {
			isa = PBXProject;
			attributes = {
				LastSwiftUpdateCheck = 1110;
				LastUpgradeCheck = 1110;
				ORGANIZATIONNAME = "Alex Rhodes";
				TargetAttributes = {
					3829AA6E23767B8000C34538 = {
						CreatedOnToolsVersion = 11.1;
					};
				};
			};
			buildConfigurationList = 3829AA6A23767B8000C34538 /* Build configuration list for PBXProject "ChristmasListAHProject" */;
			compatibilityVersion = "Xcode 9.3";
			developmentRegion = en;
			hasScannedForEncodings = 0;
			knownRegions = (
				en,
				Base,
			);
			mainGroup = 3829AA6623767B8000C34538;
			productRefGroup = 3829AA7023767B8000C34538 /* Products */;
			projectDirPath = "";
			projectRoot = "";
			targets = (
				3829AA6E23767B8000C34538 /* ChristmasListAHProject */,
			);
		};
/* End PBXProject section */

/* Begin PBXResourcesBuildPhase section */
		3829AA6D23767B8000C34538 /* Resources */ = {
			isa = PBXResourcesBuildPhase;
			buildActionMask = 2147483647;
			files = (
				3829AA7F23767B8100C34538 /* LaunchScreen.storyboard in Resources */,
				3829AA7C23767B8100C34538 /* Assets.xcassets in Resources */,
				3829AA7A23767B8000C34538 /* Main.storyboard in Resources */,
			);
			runOnlyForDeploymentPostprocessing = 0;
		};
/* End PBXResourcesBuildPhase section */

/* Begin PBXSourcesBuildPhase section */
		3829AA6B23767B8000C34538 /* Sources */ = {
			isa = PBXSourcesBuildPhase;
			buildActionMask = 2147483647;
			files = (
				38C7377623774593005F1F1C /* Gift.swift in Sources */,
				38C7377A23774B2B005F1F1C /* AddGiftViewController.swift in Sources */,
				381D54DB237DC8BD00313327 /* GiftDetailViewController.swift in Sources */,
				38C737A4237B5804005F1F1C /* SantasWorkshop.swift in Sources */,
				3829AA7323767B8000C34538 /* AppDelegate.swift in Sources */,
				38C7377823774AFE005F1F1C /* WishListTableViewController.swift in Sources */,
				3829AA7523767B8000C34538 /* SceneDelegate.swift in Sources */,
			);
			runOnlyForDeploymentPostprocessing = 0;
		};
/* End PBXSourcesBuildPhase section */

/* Begin PBXVariantGroup section */
		3829AA7823767B8000C34538 /* Main.storyboard */ = {
			isa = PBXVariantGroup;
			children = (
				3829AA7923767B8000C34538 /* Base */,
			);
			name = Main.storyboard;
			sourceTree = "<group>";
		};
		3829AA7D23767B8100C34538 /* LaunchScreen.storyboard */ = {
			isa = PBXVariantGroup;
			children = (
				3829AA7E23767B8100C34538 /* Base */,
			);
			name = LaunchScreen.storyboard;
			sourceTree = "<group>";
		};
/* End PBXVariantGroup section */

/* Begin XCBuildConfiguration section */
		3829AA8123767B8100C34538 /* Debug */ = {
			isa = XCBuildConfiguration;
			buildSettings = {
				ALWAYS_SEARCH_USER_PATHS = NO;
				CLANG_ANALYZER_NONNULL = YES;
				CLANG_ANALYZER_NUMBER_OBJECT_CONVERSION = YES_AGGRESSIVE;
				CLANG_CXX_LANGUAGE_STANDARD = "gnu++14";
				CLANG_CXX_LIBRARY = "libc++";
				CLANG_ENABLE_MODULES = YES;
				CLANG_ENABLE_OBJC_ARC = YES;
				CLANG_ENABLE_OBJC_WEAK = YES;
				CLANG_WARN_BLOCK_CAPTURE_AUTORELEASING = YES;
				CLANG_WARN_BOOL_CONVERSION = YES;
				CLANG_WARN_COMMA = YES;
				CLANG_WARN_CONSTANT_CONVERSION = YES;
				CLANG_WARN_DEPRECATED_OBJC_IMPLEMENTATIONS = YES;
				CLANG_WARN_DIRECT_OBJC_ISA_USAGE = YES_ERROR;
				CLANG_WARN_DOCUMENTATION_COMMENTS = YES;
				CLANG_WARN_EMPTY_BODY = YES;
				CLANG_WARN_ENUM_CONVERSION = YES;
				CLANG_WARN_INFINITE_RECURSION = YES;
				CLANG_WARN_INT_CONVERSION = YES;
				CLANG_WARN_NON_LITERAL_NULL_CONVERSION = YES;
				CLANG_WARN_OBJC_IMPLICIT_RETAIN_SELF = YES;
				CLANG_WARN_OBJC_LITERAL_CONVERSION = YES;
				CLANG_WARN_OBJC_ROOT_CLASS = YES_ERROR;
				CLANG_WARN_RANGE_LOOP_ANALYSIS = YES;
				CLANG_WARN_STRICT_PROTOTYPES = YES;
				CLANG_WARN_SUSPICIOUS_MOVE = YES;
				CLANG_WARN_UNGUARDED_AVAILABILITY = YES_AGGRESSIVE;
				CLANG_WARN_UNREACHABLE_CODE = YES;
				CLANG_WARN__DUPLICATE_METHOD_MATCH = YES;
				COPY_PHASE_STRIP = NO;
				DEBUG_INFORMATION_FORMAT = dwarf;
				ENABLE_STRICT_OBJC_MSGSEND = YES;
				ENABLE_TESTABILITY = YES;
				GCC_C_LANGUAGE_STANDARD = gnu11;
				GCC_DYNAMIC_NO_PIC = NO;
				GCC_NO_COMMON_BLOCKS = YES;
				GCC_OPTIMIZATION_LEVEL = 0;
				GCC_PREPROCESSOR_DEFINITIONS = (
					"DEBUG=1",
					"$(inherited)",
				);
				GCC_WARN_64_TO_32_BIT_CONVERSION = YES;
				GCC_WARN_ABOUT_RETURN_TYPE = YES_ERROR;
				GCC_WARN_UNDECLARED_SELECTOR = YES;
				GCC_WARN_UNINITIALIZED_AUTOS = YES_AGGRESSIVE;
				GCC_WARN_UNUSED_FUNCTION = YES;
				GCC_WARN_UNUSED_VARIABLE = YES;
				IPHONEOS_DEPLOYMENT_TARGET = 13.1;
				MTL_ENABLE_DEBUG_INFO = INCLUDE_SOURCE;
				MTL_FAST_MATH = YES;
				ONLY_ACTIVE_ARCH = YES;
				SDKROOT = iphoneos;
				SWIFT_ACTIVE_COMPILATION_CONDITIONS = DEBUG;
				SWIFT_OPTIMIZATION_LEVEL = "-Onone";
			};
			name = Debug;
		};
		3829AA8223767B8100C34538 /* Release */ = {
			isa = XCBuildConfiguration;
			buildSettings = {
				ALWAYS_SEARCH_USER_PATHS = NO;
				CLANG_ANALYZER_NONNULL = YES;
				CLANG_ANALYZER_NUMBER_OBJECT_CONVERSION = YES_AGGRESSIVE;
				CLANG_CXX_LANGUAGE_STANDARD = "gnu++14";
				CLANG_CXX_LIBRARY = "libc++";
				CLANG_ENABLE_MODULES = YES;
				CLANG_ENABLE_OBJC_ARC = YES;
				CLANG_ENABLE_OBJC_WEAK = YES;
				CLANG_WARN_BLOCK_CAPTURE_AUTORELEASING = YES;
				CLANG_WARN_BOOL_CONVERSION = YES;
				CLANG_WARN_COMMA = YES;
				CLANG_WARN_CONSTANT_CONVERSION = YES;
				CLANG_WARN_DEPRECATED_OBJC_IMPLEMENTATIONS = YES;
				CLANG_WARN_DIRECT_OBJC_ISA_USAGE = YES_ERROR;
				CLANG_WARN_DOCUMENTATION_COMMENTS = YES;
				CLANG_WARN_EMPTY_BODY = YES;
				CLANG_WARN_ENUM_CONVERSION = YES;
				CLANG_WARN_INFINITE_RECURSION = YES;
				CLANG_WARN_INT_CONVERSION = YES;
				CLANG_WARN_NON_LITERAL_NULL_CONVERSION = YES;
				CLANG_WARN_OBJC_IMPLICIT_RETAIN_SELF = YES;
				CLANG_WARN_OBJC_LITERAL_CONVERSION = YES;
				CLANG_WARN_OBJC_ROOT_CLASS = YES_ERROR;
				CLANG_WARN_RANGE_LOOP_ANALYSIS = YES;
				CLANG_WARN_STRICT_PROTOTYPES = YES;
				CLANG_WARN_SUSPICIOUS_MOVE = YES;
				CLANG_WARN_UNGUARDED_AVAILABILITY = YES_AGGRESSIVE;
				CLANG_WARN_UNREACHABLE_CODE = YES;
				CLANG_WARN__DUPLICATE_METHOD_MATCH = YES;
				COPY_PHASE_STRIP = NO;
				DEBUG_INFORMATION_FORMAT = "dwarf-with-dsym";
				ENABLE_NS_ASSERTIONS = NO;
				ENABLE_STRICT_OBJC_MSGSEND = YES;
				GCC_C_LANGUAGE_STANDARD = gnu11;
				GCC_NO_COMMON_BLOCKS = YES;
				GCC_WARN_64_TO_32_BIT_CONVERSION = YES;
				GCC_WARN_ABOUT_RETURN_TYPE = YES_ERROR;
				GCC_WARN_UNDECLARED_SELECTOR = YES;
				GCC_WARN_UNINITIALIZED_AUTOS = YES_AGGRESSIVE;
				GCC_WARN_UNUSED_FUNCTION = YES;
				GCC_WARN_UNUSED_VARIABLE = YES;
				IPHONEOS_DEPLOYMENT_TARGET = 13.1;
				MTL_ENABLE_DEBUG_INFO = NO;
				MTL_FAST_MATH = YES;
				SDKROOT = iphoneos;
				SWIFT_COMPILATION_MODE = wholemodule;
				SWIFT_OPTIMIZATION_LEVEL = "-O";
				VALIDATE_PRODUCT = YES;
			};
			name = Release;
		};
		3829AA8423767B8100C34538 /* Debug */ = {
			isa = XCBuildConfiguration;
			buildSettings = {
				ASSETCATALOG_COMPILER_APPICON_NAME = AppIcon;
				CODE_SIGN_STYLE = Automatic;
				DEVELOPMENT_TEAM = RCQFNX9QQ7;
				INFOPLIST_FILE = ChristmasListAHProject/Resources/Info.plist;
				LD_RUNPATH_SEARCH_PATHS = (
					"$(inherited)",
					"@executable_path/Frameworks",
				);
				PRODUCT_BUNDLE_IDENTIFIER = com.alexrhodes.ChristmasListAHProject;
				PRODUCT_NAME = "$(TARGET_NAME)";
				SWIFT_VERSION = 5.0;
				TARGETED_DEVICE_FAMILY = "1,2";
			};
			name = Debug;
		};
		3829AA8523767B8100C34538 /* Release */ = {
			isa = XCBuildConfiguration;
			buildSettings = {
				ASSETCATALOG_COMPILER_APPICON_NAME = AppIcon;
				CODE_SIGN_STYLE = Automatic;
				DEVELOPMENT_TEAM = RCQFNX9QQ7;
				INFOPLIST_FILE = ChristmasListAHProject/Resources/Info.plist;
				LD_RUNPATH_SEARCH_PATHS = (
					"$(inherited)",
					"@executable_path/Frameworks",
				);
				PRODUCT_BUNDLE_IDENTIFIER = com.alexrhodes.ChristmasListAHProject;
				PRODUCT_NAME = "$(TARGET_NAME)";
				SWIFT_VERSION = 5.0;
				TARGETED_DEVICE_FAMILY = "1,2";
			};
			name = Release;
		};
/* End XCBuildConfiguration section */

/* Begin XCConfigurationList section */
		3829AA6A23767B8000C34538 /* Build configuration list for PBXProject "ChristmasListAHProject" */ = {
			isa = XCConfigurationList;
			buildConfigurations = (
				3829AA8123767B8100C34538 /* Debug */,
				3829AA8223767B8100C34538 /* Release */,
			);
			defaultConfigurationIsVisible = 0;
			defaultConfigurationName = Release;
		};
		3829AA8323767B8100C34538 /* Build configuration list for PBXNativeTarget "ChristmasListAHProject" */ = {
			isa = XCConfigurationList;
			buildConfigurations = (
				3829AA8423767B8100C34538 /* Debug */,
				3829AA8523767B8100C34538 /* Release */,
			);
			defaultConfigurationIsVisible = 0;
			defaultConfigurationName = Release;
		};
/* End XCConfigurationList section */
	};
	rootObject = 3829AA6723767B8000C34538 /* Project object */;
}
